
Microsoft Visual Studio Solution File, Format Version 12.00
# Visual Studio Version 16
VisualStudioVersion = 16.0.30907.101
MinimumVisualStudioVersion = 10.0.40219.1
Project("{9A19103F-16F7-4668-BE54-9A1E7A4F7556}") = "HrApp_WebAPI", "HrApp_WebAPI.csproj", "{83172D2A-F534-4B4A-A89B-1FF0FE88802A}"
EndProject
Project("{9A19103F-16F7-4668-BE54-9A1E7A4F7556}") = "HrApp_WebAPI.Tests", "..\HrApp_WebAPI.Tests\HrApp_WebAPI.Tests.csproj", "{908601BF-45C5-49B9-B4E2-AD84F7026B80}"
EndProject
Project("{FAE04EC0-301F-11D3-BF4B-00C04F79EFBC}") = "HrApp_WebAPI.BusinessLogic", "..\HrApp_WebAPI.BusinessLogic\HrApp_WebAPI.BusinessLogic.csproj", "{1EB7B69B-CEDE-4D75-914F-EECA2E13CAE8}"
EndProject
Project("{FAE04EC0-301F-11D3-BF4B-00C04F79EFBC}") = "HrApp_WebAPI.Data", "..\HrApp_WebAPI.Data\HrApp_WebAPI.Data.csproj", "{9913CADE-9D8D-49FA-87BA-F89F2DC323A6}"
EndProject
Global
	GlobalSection(SolutionConfigurationPlatforms) = preSolution
		Debug|Any CPU = Debug|Any CPU
		Release|Any CPU = Release|Any CPU
	EndGlobalSection
	GlobalSection(ProjectConfigurationPlatforms) = postSolution
		{83172D2A-F534-4B4A-A89B-1FF0FE88802A}.Debug|Any CPU.ActiveCfg = Debug|Any CPU
		{83172D2A-F534-4B4A-A89B-1FF0FE88802A}.Debug|Any CPU.Build.0 = Debug|Any CPU
		{83172D2A-F534-4B4A-A89B-1FF0FE88802A}.Release|Any CPU.ActiveCfg = Release|Any CPU
		{83172D2A-F534-4B4A-A89B-1FF0FE88802A}.Release|Any CPU.Build.0 = Release|Any CPU
		{908601BF-45C5-49B9-B4E2-AD84F7026B80}.Debug|Any CPU.ActiveCfg = Debug|Any CPU
		{908601BF-45C5-49B9-B4E2-AD84F7026B80}.Debug|Any CPU.Build.0 = Debug|Any CPU
		{908601BF-45C5-49B9-B4E2-AD84F7026B80}.Release|Any CPU.ActiveCfg = Release|Any CPU
		{908601BF-45C5-49B9-B4E2-AD84F7026B80}.Release|Any CPU.Build.0 = Release|Any CPU
		{1EB7B69B-CEDE-4D75-914F-EECA2E13CAE8}.Debug|Any CPU.ActiveCfg = Debug|Any CPU
		{1EB7B69B-CEDE-4D75-914F-EECA2E13CAE8}.Debug|Any CPU.Build.0 = Debug|Any CPU
		{1EB7B69B-CEDE-4D75-914F-EECA2E13CAE8}.Release|Any CPU.ActiveCfg = Release|Any CPU
		{1EB7B69B-CEDE-4D75-914F-EECA2E13CAE8}.Release|Any CPU.Build.0 = Release|Any CPU
		{9913CADE-9D8D-49FA-87BA-F89F2DC323A6}.Debug|Any CPU.ActiveCfg = Debug|Any CPU
		{9913CADE-9D8D-49FA-87BA-F89F2DC323A6}.Debug|Any CPU.Build.0 = Debug|Any CPU
		{9913CADE-9D8D-49FA-87BA-F89F2DC323A6}.Release|Any CPU.ActiveCfg = Release|Any CPU
		{9913CADE-9D8D-49FA-87BA-F89F2DC323A6}.Release|Any CPU.Build.0 = Release|Any CPU
	EndGlobalSection
	GlobalSection(SolutionProperties) = preSolution
		HideSolutionNode = FALSE
	EndGlobalSection
	GlobalSection(ExtensibilityGlobals) = postSolution
		SolutionGuid = {181131A6-3EC3-4496-9C50-817807F71D78}
	EndGlobalSection
EndGlobal
